// !$*UTF8*$!
{
	archiveVersion = 1;
	classes = {
	};
	objectVersion = 50;
	objects = {

/* Begin PBXBuildFile section */
		164C7A39239A56E10051088E /* AppDelegate.swift in Sources */ = {isa = PBXBuildFile; fileRef = 164C7A38239A56E10051088E /* AppDelegate.swift */; };
		164C7A3B239A56E10051088E /* ViewController.swift in Sources */ = {isa = PBXBuildFile; fileRef = 164C7A3A239A56E10051088E /* ViewController.swift */; };
		164C7A3E239A56E10051088E /* Main.storyboard in Resources */ = {isa = PBXBuildFile; fileRef = 164C7A3C239A56E10051088E /* Main.storyboard */; };
		164C7A40239A56E20051088E /* Assets.xcassets in Resources */ = {isa = PBXBuildFile; fileRef = 164C7A3F239A56E20051088E /* Assets.xcassets */; };
		164C7A43239A56E20051088E /* LaunchScreen.storyboard in Resources */ = {isa = PBXBuildFile; fileRef = 164C7A41239A56E20051088E /* LaunchScreen.storyboard */; };
		164C7A4E239A56E20051088E /* ThoughtStackTests.swift in Sources */ = {isa = PBXBuildFile; fileRef = 164C7A4D239A56E20051088E /* ThoughtStackTests.swift */; };
		164C7A59239A57B70051088E /* GoogleService-Info.plist in Resources */ = {isa = PBXBuildFile; fileRef = 164C7A58239A57B70051088E /* GoogleService-Info.plist */; };
/* End PBXBuildFile section */

/* Begin PBXContainerItemProxy section */
		164C7A4A239A56E20051088E /* PBXContainerItemProxy */ = {
			isa = PBXContainerItemProxy;
			containerPortal = 164C7A2D239A56E10051088E /* Project object */;
			proxyType = 1;
			remoteGlobalIDString = 164C7A34239A56E10051088E;
			remoteInfo = ThoughtStack;
		};
/* End PBXContainerItemProxy section */

/* Begin PBXFileReference section */
		164C7A35239A56E10051088E /* ThoughtStack.app */ = {isa = PBXFileReference; explicitFileType = wrapper.application; includeInIndex = 0; path = ThoughtStack.app; sourceTree = BUILT_PRODUCTS_DIR; };
		164C7A38239A56E10051088E /* AppDelegate.swift */ = {isa = PBXFileReference; lastKnownFileType = sourcecode.swift; path = AppDelegate.swift; sourceTree = "<group>"; };
		164C7A3A239A56E10051088E /* ViewController.swift */ = {isa = PBXFileReference; lastKnownFileType = sourcecode.swift; path = ViewController.swift; sourceTree = "<group>"; };
		164C7A3D239A56E10051088E /* Base */ = {isa = PBXFileReference; lastKnownFileType = file.storyboard; name = Base; path = Base.lproj/Main.storyboard; sourceTree = "<group>"; };
		164C7A3F239A56E20051088E /* Assets.xcassets */ = {isa = PBXFileReference; lastKnownFileType = folder.assetcatalog; path = Assets.xcassets; sourceTree = "<group>"; };
		164C7A42239A56E20051088E /* Base */ = {isa = PBXFileReference; lastKnownFileType = file.storyboard; name = Base; path = Base.lproj/LaunchScreen.storyboard; sourceTree = "<group>"; };
		164C7A44239A56E20051088E /* Info.plist */ = {isa = PBXFileReference; lastKnownFileType = text.plist.xml; path = Info.plist; sourceTree = "<group>"; };
		164C7A49239A56E20051088E /* ThoughtStackTests.xctest */ = {isa = PBXFileReference; explicitFileType = wrapper.cfbundle; includeInIndex = 0; path = ThoughtStackTests.xctest; sourceTree = BUILT_PRODUCTS_DIR; };
		164C7A4D239A56E20051088E /* ThoughtStackTests.swift */ = {isa = PBXFileReference; lastKnownFileType = sourcecode.swift; path = ThoughtStackTests.swift; sourceTree = "<group>"; };
		164C7A4F239A56E20051088E /* Info.plist */ = {isa = PBXFileReference; lastKnownFileType = text.plist.xml; path = Info.plist; sourceTree = "<group>"; };
		164C7A58239A57B70051088E /* GoogleService-Info.plist */ = {isa = PBXFileReference; fileEncoding = 4; lastKnownFileType = text.plist.xml; path = "GoogleService-Info.plist"; sourceTree = "<group>"; };
/* End PBXFileReference section */

/* Begin PBXFrameworksBuildPhase section */
		164C7A32239A56E10051088E /* Frameworks */ = {
			isa = PBXFrameworksBuildPhase;
			buildActionMask = 2147483647;
			files = (
			);
			runOnlyForDeploymentPostprocessing = 0;
		};
		164C7A46239A56E20051088E /* Frameworks */ = {
			isa = PBXFrameworksBuildPhase;
			buildActionMask = 2147483647;
			files = (
			);
			runOnlyForDeploymentPostprocessing = 0;
		};
/* End PBXFrameworksBuildPhase section */

/* Begin PBXGroup section */
		164C7A2C239A56E10051088E = {
			isa = PBXGroup;
			children = (
				164C7A37239A56E10051088E /* ThoughtStack */,
				164C7A4C239A56E20051088E /* ThoughtStackTests */,
				164C7A36239A56E10051088E /* Products */,
			);
			sourceTree = "<group>";
		};
		164C7A36239A56E10051088E /* Products */ = {
			isa = PBXGroup;
			children = (
				164C7A35239A56E10051088E /* ThoughtStack.app */,
				164C7A49239A56E20051088E /* ThoughtStackTests.xctest */,
			);
			name = Products;
			sourceTree = "<group>";
		};
		164C7A37239A56E10051088E /* ThoughtStack */ = {
			isa = PBXGroup;
			children = (
				164C7A58239A57B70051088E /* GoogleService-Info.plist */,
				164C7A38239A56E10051088E /* AppDelegate.swift */,
				164C7A3A239A56E10051088E /* ViewController.swift */,
				164C7A3C239A56E10051088E /* Main.storyboard */,
				164C7A3F239A56E20051088E /* Assets.xcassets */,
				164C7A41239A56E20051088E /* LaunchScreen.storyboard */,
				164C7A44239A56E20051088E /* Info.plist */,
			);
			path = ThoughtStack;
			sourceTree = "<group>";
		};
		164C7A4C239A56E20051088E /* ThoughtStackTests */ = {
			isa = PBXGroup;
			children = (
				164C7A4D239A56E20051088E /* ThoughtStackTests.swift */,
				164C7A4F239A56E20051088E /* Info.plist */,
			);
			path = ThoughtStackTests;
			sourceTree = "<group>";
		};
/* End PBXGroup section */

/* Begin PBXNativeTarget section */
		164C7A34239A56E10051088E /* ThoughtStack */ = {
			isa = PBXNativeTarget;
			buildConfigurationList = 164C7A52239A56E20051088E /* Build configuration list for PBXNativeTarget "ThoughtStack" */;
			buildPhases = (
				164C7A31239A56E10051088E /* Sources */,
				164C7A32239A56E10051088E /* Frameworks */,
				164C7A33239A56E10051088E /* Resources */,
			);
			buildRules = (
			);
			dependencies = (
			);
			name = ThoughtStack;
			productName = ThoughtStack;
			productReference = 164C7A35239A56E10051088E /* ThoughtStack.app */;
			productType = "com.apple.product-type.application";
		};
		164C7A48239A56E20051088E /* ThoughtStackTests */ = {
			isa = PBXNativeTarget;
			buildConfigurationList = 164C7A55239A56E20051088E /* Build configuration list for PBXNativeTarget "ThoughtStackTests" */;
			buildPhases = (
				164C7A45239A56E20051088E /* Sources */,
				164C7A46239A56E20051088E /* Frameworks */,
				164C7A47239A56E20051088E /* Resources */,
			);
			buildRules = (
			);
			dependencies = (
				164C7A4B239A56E20051088E /* PBXTargetDependency */,
			);
			name = ThoughtStackTests;
			productName = ThoughtStackTests;
			productReference = 164C7A49239A56E20051088E /* ThoughtStackTests.xctest */;
			productType = "com.apple.product-type.bundle.unit-test";
		};
/* End PBXNativeTarget section */

/* Begin PBXProject section */
		164C7A2D239A56E10051088E /* Project object */ = {
			isa = PBXProject;
			attributes = {
				LastSwiftUpdateCheck = 1030;
				LastUpgradeCheck = 1030;
				ORGANIZATIONNAME = "Yesha Ailani";
				TargetAttributes = {
					164C7A34239A56E10051088E = {
						CreatedOnToolsVersion = 10.3;
					};
					164C7A48239A56E20051088E = {
						CreatedOnToolsVersion = 10.3;
						TestTargetID = 164C7A34239A56E10051088E;
					};
				};
			};
			buildConfigurationList = 164C7A30239A56E10051088E /* Build configuration list for PBXProject "ThoughtStack" */;
			compatibilityVersion = "Xcode 9.3";
			developmentRegion = en;
			hasScannedForEncodings = 0;
			knownRegions = (
				en,
				Base,
			);
			mainGroup = 164C7A2C239A56E10051088E;
			productRefGroup = 164C7A36239A56E10051088E /* Products */;
			projectDirPath = "";
			projectRoot = "";
			targets = (
				164C7A34239A56E10051088E /* ThoughtStack */,
				164C7A48239A56E20051088E /* ThoughtStackTests */,
			);
		};
/* End PBXProject section */

/* Begin PBXResourcesBuildPhase section */
		164C7A33239A56E10051088E /* Resources */ = {
			isa = PBXResourcesBuildPhase;
			buildActionMask = 2147483647;
			files = (
				164C7A43239A56E20051088E /* LaunchScreen.storyboard in Resources */,
				164C7A59239A57B70051088E /* GoogleService-Info.plist in Resources */,
				164C7A40239A56E20051088E /* Assets.xcassets in Resources */,
				164C7A3E239A56E10051088E /* Main.storyboard in Resources */,
			);
			runOnlyForDeploymentPostprocessing = 0;
		};
		164C7A47239A56E20051088E /* Resources */ = {
			isa = PBXResourcesBuildPhase;
			buildActionMask = 2147483647;
			files = (
			);
			runOnlyForDeploymentPostprocessing = 0;
		};
/* End PBXResourcesBuildPhase section */

/* Begin PBXSourcesBuildPhase section */
		164C7A31239A56E10051088E /* Sources */ = {
			isa = PBXSourcesBuildPhase;
			buildActionMask = 2147483647;
			files = (
				164C7A3B239A56E10051088E /* ViewController.swift in Sources */,
				164C7A39239A56E10051088E /* AppDelegate.swift in Sources */,
			);
			runOnlyForDeploymentPostprocessing = 0;
		};
		164C7A45239A56E20051088E /* Sources */ = {
			isa = PBXSourcesBuildPhase;
			buildActionMask = 2147483647;
			files = (
				164C7A4E239A56E20051088E /* ThoughtStackTests.swift in Sources */,
			);
			runOnlyForDeploymentPostprocessing = 0;
		};
/* End PBXSourcesBuildPhase section */

/* Begin PBXTargetDependency section */
		164C7A4B239A56E20051088E /* PBXTargetDependency */ = {
			isa = PBXTargetDependency;
			target = 164C7A34239A56E10051088E /* ThoughtStack */;
			targetProxy = 164C7A4A239A56E20051088E /* PBXContainerItemProxy */;
		};
/* End PBXTargetDependency section */

/* Begin PBXVariantGroup section */
		164C7A3C239A56E10051088E /* Main.storyboard */ = {
			isa = PBXVariantGroup;
			children = (
				164C7A3D239A56E10051088E /* Base */,
			);
			name = Main.storyboard;
			sourceTree = "<group>";
		};
		164C7A41239A56E20051088E /* LaunchScreen.storyboard */ = {
			isa = PBXVariantGroup;
			children = (
				164C7A42239A56E20051088E /* Base */,
			);
			name = LaunchScreen.storyboard;
			sourceTree = "<group>";
		};
/* End PBXVariantGroup section */

/* Begin XCBuildConfiguration section */
		164C7A50239A56E20051088E /* Debug */ = {
			isa = XCBuildConfiguration;
			buildSettings = {
				ALWAYS_SEARCH_USER_PATHS = NO;
				CLANG_ANALYZER_NONNULL = YES;
				CLANG_ANALYZER_NUMBER_OBJECT_CONVERSION = YES_AGGRESSIVE;
				CLANG_CXX_LANGUAGE_STANDARD = "gnu++14";
				CLANG_CXX_LIBRARY = "libc++";
				CLANG_ENABLE_MODULES = YES;
				CLANG_ENABLE_OBJC_ARC = YES;
				CLANG_ENABLE_OBJC_WEAK = YES;
				CLANG_WARN_BLOCK_CAPTURE_AUTORELEASING = YES;
				CLANG_WARN_BOOL_CONVERSION = YES;
				CLANG_WARN_COMMA = YES;
				CLANG_WARN_CONSTANT_CONVERSION = YES;
				CLANG_WARN_DEPRECATED_OBJC_IMPLEMENTATIONS = YES;
				CLANG_WARN_DIRECT_OBJC_ISA_USAGE = YES_ERROR;
				CLANG_WARN_DOCUMENTATION_COMMENTS = YES;
				CLANG_WARN_EMPTY_BODY = YES;
				CLANG_WARN_ENUM_CONVERSION = YES;
				CLANG_WARN_INFINITE_RECURSION = YES;
				CLANG_WARN_INT_CONVERSION = YES;
				CLANG_WARN_NON_LITERAL_NULL_CONVERSION = YES;
				CLANG_WARN_OBJC_IMPLICIT_RETAIN_SELF = YES;
				CLANG_WARN_OBJC_LITERAL_CONVERSION = YES;
				CLANG_WARN_OBJC_ROOT_CLASS = YES_ERROR;
				CLANG_WARN_RANGE_LOOP_ANALYSIS = YES;
				CLANG_WARN_STRICT_PROTOTYPES = YES;
				CLANG_WARN_SUSPICIOUS_MOVE = YES;
				CLANG_WARN_UNGUARDED_AVAILABILITY = YES_AGGRESSIVE;
				CLANG_WARN_UNREACHABLE_CODE = YES;
				CLANG_WARN__DUPLICATE_METHOD_MATCH = YES;
				CODE_SIGN_IDENTITY = "iPhone Developer";
				COPY_PHASE_STRIP = NO;
				DEBUG_INFORMATION_FORMAT = dwarf;
				ENABLE_STRICT_OBJC_MSGSEND = YES;
				ENABLE_TESTABILITY = YES;
				GCC_C_LANGUAGE_STANDARD = gnu11;
				GCC_DYNAMIC_NO_PIC = NO;
				GCC_NO_COMMON_BLOCKS = YES;
				GCC_OPTIMIZATION_LEVEL = 0;
				GCC_PREPROCESSOR_DEFINITIONS = (
					"DEBUG=1",
					"$(inherited)",
				);
				GCC_WARN_64_TO_32_BIT_CONVERSION = YES;
				GCC_WARN_ABOUT_RETURN_TYPE = YES_ERROR;
				GCC_WARN_UNDECLARED_SELECTOR = YES;
				GCC_WARN_UNINITIALIZED_AUTOS = YES_AGGRESSIVE;
				GCC_WARN_UNUSED_FUNCTION = YES;
				GCC_WARN_UNUSED_VARIABLE = YES;
				IPHONEOS_DEPLOYMENT_TARGET = 12.4;
				MTL_ENABLE_DEBUG_INFO = INCLUDE_SOURCE;
				MTL_FAST_MATH = YES;
				ONLY_ACTIVE_ARCH = YES;
				SDKROOT = iphoneos;
				SWIFT_ACTIVE_COMPILATION_CONDITIONS = DEBUG;
				SWIFT_OPTIMIZATION_LEVEL = "-Onone";
			};
			name = Debug;
		};
		164C7A51239A56E20051088E /* Release */ = {
			isa = XCBuildConfiguration;
			buildSettings = {
				ALWAYS_SEARCH_USER_PATHS = NO;
				CLANG_ANALYZER_NONNULL = YES;
				CLANG_ANALYZER_NUMBER_OBJECT_CONVERSION = YES_AGGRESSIVE;
				CLANG_CXX_LANGUAGE_STANDARD = "gnu++14";
				CLANG_CXX_LIBRARY = "libc++";
				CLANG_ENABLE_MODULES = YES;
				CLANG_ENABLE_OBJC_ARC = YES;
				CLANG_ENABLE_OBJC_WEAK = YES;
				CLANG_WARN_BLOCK_CAPTURE_AUTORELEASING = YES;
				CLANG_WARN_BOOL_CONVERSION = YES;
				CLANG_WARN_COMMA = YES;
				CLANG_WARN_CONSTANT_CONVERSION = YES;
				CLANG_WARN_DEPRECATED_OBJC_IMPLEMENTATIONS = YES;
				CLANG_WARN_DIRECT_OBJC_ISA_USAGE = YES_ERROR;
				CLANG_WARN_DOCUMENTATION_COMMENTS = YES;
				CLANG_WARN_EMPTY_BODY = YES;
				CLANG_WARN_ENUM_CONVERSION = YES;
				CLANG_WARN_INFINITE_RECURSION = YES;
				CLANG_WARN_INT_CONVERSION = YES;
				CLANG_WARN_NON_LITERAL_NULL_CONVERSION = YES;
				CLANG_WARN_OBJC_IMPLICIT_RETAIN_SELF = YES;
				CLANG_WARN_OBJC_LITERAL_CONVERSION = YES;
				CLANG_WARN_OBJC_ROOT_CLASS = YES_ERROR;
				CLANG_WARN_RANGE_LOOP_ANALYSIS = YES;
				CLANG_WARN_STRICT_PROTOTYPES = YES;
				CLANG_WARN_SUSPICIOUS_MOVE = YES;
				CLANG_WARN_UNGUARDED_AVAILABILITY = YES_AGGRESSIVE;
				CLANG_WARN_UNREACHABLE_CODE = YES;
				CLANG_WARN__DUPLICATE_METHOD_MATCH = YES;
				CODE_SIGN_IDENTITY = "iPhone Developer";
				COPY_PHASE_STRIP = NO;
				DEBUG_INFORMATION_FORMAT = "dwarf-with-dsym";
				ENABLE_NS_ASSERTIONS = NO;
				ENABLE_STRICT_OBJC_MSGSEND = YES;
				GCC_C_LANGUAGE_STANDARD = gnu11;
				GCC_NO_COMMON_BLOCKS = YES;
				GCC_WARN_64_TO_32_BIT_CONVERSION = YES;
				GCC_WARN_ABOUT_RETURN_TYPE = YES_ERROR;
				GCC_WARN_UNDECLARED_SELECTOR = YES;
				GCC_WARN_UNINITIALIZED_AUTOS = YES_AGGRESSIVE;
				GCC_WARN_UNUSED_FUNCTION = YES;
				GCC_WARN_UNUSED_VARIABLE = YES;
				IPHONEOS_DEPLOYMENT_TARGET = 12.4;
				MTL_ENABLE_DEBUG_INFO = NO;
				MTL_FAST_MATH = YES;
				SDKROOT = iphoneos;
				SWIFT_COMPILATION_MODE = wholemodule;
				SWIFT_OPTIMIZATION_LEVEL = "-O";
				VALIDATE_PRODUCT = YES;
			};
			name = Release;
		};
		164C7A53239A56E20051088E /* Debug */ = {
			isa = XCBuildConfiguration;
			buildSettings = {
				ASSETCATALOG_COMPILER_APPICON_NAME = AppIcon;
				CODE_SIGN_STYLE = Automatic;
				DEVELOPMENT_TEAM = VMK4TWSMGH;
				INFOPLIST_FILE = ThoughtStack/Info.plist;
				LD_RUNPATH_SEARCH_PATHS = (
					"$(inherited)",
					"@executable_path/Frameworks",
				);
				PRODUCT_BUNDLE_IDENTIFIER = com.example.ThoughtStack;
				PRODUCT_NAME = "$(TARGET_NAME)";
				SWIFT_VERSION = 5.0;
				TARGETED_DEVICE_FAMILY = "1,2";
			};
			name = Debug;
		};
		164C7A54239A56E20051088E /* Release */ = {
			isa = XCBuildConfiguration;
			buildSettings = {
				ASSETCATALOG_COMPILER_APPICON_NAME = AppIcon;
				CODE_SIGN_STYLE = Automatic;
				DEVELOPMENT_TEAM = VMK4TWSMGH;
				INFOPLIST_FILE = ThoughtStack/Info.plist;
				LD_RUNPATH_SEARCH_PATHS = (
					"$(inherited)",
					"@executable_path/Frameworks",
				);
				PRODUCT_BUNDLE_IDENTIFIER = com.example.ThoughtStack;
				PRODUCT_NAME = "$(TARGET_NAME)";
				SWIFT_VERSION = 5.0;
				TARGETED_DEVICE_FAMILY = "1,2";
			};
			name = Release;
		};
		164C7A56239A56E20051088E /* Debug */ = {
			isa = XCBuildConfiguration;
			buildSettings = {
				ALWAYS_EMBED_SWIFT_STANDARD_LIBRARIES = YES;
				BUNDLE_LOADER = "$(TEST_HOST)";
				CODE_SIGN_STYLE = Automatic;
				DEVELOPMENT_TEAM = VMK4TWSMGH;
				INFOPLIST_FILE = ThoughtStackTests/Info.plist;
				LD_RUNPATH_SEARCH_PATHS = (
					"$(inherited)",
					"@executable_path/Frameworks",
					"@loader_path/Frameworks",
				);
				PRODUCT_BUNDLE_IDENTIFIER = com.example.ThoughtStackTests;
				PRODUCT_NAME = "$(TARGET_NAME)";
				SWIFT_VERSION = 5.0;
				TARGETED_DEVICE_FAMILY = "1,2";
				TEST_HOST = "$(BUILT_PRODUCTS_DIR)/ThoughtStack.app/ThoughtStack";
			};
			name = Debug;
		};
		164C7A57239A56E20051088E /* Release */ = {
			isa = XCBuildConfiguration;
			buildSettings = {
				ALWAYS_EMBED_SWIFT_STANDARD_LIBRARIES = YES;
				BUNDLE_LOADER = "$(TEST_HOST)";
				CODE_SIGN_STYLE = Automatic;
				DEVELOPMENT_TEAM = VMK4TWSMGH;
				INFOPLIST_FILE = ThoughtStackTests/Info.plist;
				LD_RUNPATH_SEARCH_PATHS = (
					"$(inherited)",
					"@executable_path/Frameworks",
					"@loader_path/Frameworks",
				);
				PRODUCT_BUNDLE_IDENTIFIER = com.example.ThoughtStackTests;
				PRODUCT_NAME = "$(TARGET_NAME)";
				SWIFT_VERSION = 5.0;
				TARGETED_DEVICE_FAMILY = "1,2";
				TEST_HOST = "$(BUILT_PRODUCTS_DIR)/ThoughtStack.app/ThoughtStack";
			};
			name = Release;
		};
/* End XCBuildConfiguration section */

/* Begin XCConfigurationList section */
		164C7A30239A56E10051088E /* Build configuration list for PBXProject "ThoughtStack" */ = {
			isa = XCConfigurationList;
			buildConfigurations = (
				164C7A50239A56E20051088E /* Debug */,
				164C7A51239A56E20051088E /* Release */,
			);
			defaultConfigurationIsVisible = 0;
			defaultConfigurationName = Release;
		};
		164C7A52239A56E20051088E /* Build configuration list for PBXNativeTarget "ThoughtStack" */ = {
			isa = XCConfigurationList;
			buildConfigurations = (
				164C7A53239A56E20051088E /* Debug */,
				164C7A54239A56E20051088E /* Release */,
			);
			defaultConfigurationIsVisible = 0;
			defaultConfigurationName = Release;
		};
		164C7A55239A56E20051088E /* Build configuration list for PBXNativeTarget "ThoughtStackTests" */ = {
			isa = XCConfigurationList;
			buildConfigurations = (
				164C7A56239A56E20051088E /* Debug */,
				164C7A57239A56E20051088E /* Release */,
			);
			defaultConfigurationIsVisible = 0;
			defaultConfigurationName = Release;
		};
/* End XCConfigurationList section */
	};
	rootObject = 164C7A2D239A56E10051088E /* Project object */;
}
